
Microsoft Visual Studio Solution File, Format Version 12.00
# Visual Studio Version 16
VisualStudioVersion = 16.0.31702.278
MinimumVisualStudioVersion = 10.0.40219.1
Project("{FAE04EC0-301F-11D3-BF4B-00C04F79EFBC}") = "AcGmsh", "AcGmsh.csproj", "{19979409-63AC-46AB-945C-EFFC5D5B17AB}"
EndProject
Global
	GlobalSection(SolutionConfigurationPlatforms) = preSolution
		Debug|Any CPU = Debug|Any CPU
		Release|Any CPU = Release|Any CPU
	EndGlobalSection
	GlobalSection(ProjectConfigurationPlatforms) = postSolution
		{19979409-63AC-46AB-945C-EFFC5D5B17AB}.Debug|Any CPU.ActiveCfg = Debug|Any CPU
		{19979409-63AC-46AB-945C-EFFC5D5B17AB}.Debug|Any CPU.Build.0 = Debug|Any CPU
		{19979409-63AC-46AB-945C-EFFC5D5B17AB}.Release|Any CPU.ActiveCfg = Release|Any CPU
		{19979409-63AC-46AB-945C-EFFC5D5B17AB}.Release|Any CPU.Build.0 = Release|Any CPU
	EndGlobalSection
	GlobalSection(SolutionProperties) = preSolution
		HideSolutionNode = FALSE
	EndGlobalSection
	GlobalSection(ExtensibilityGlobals) = postSolution
		SolutionGuid = {DF2284D8-A2AD-4CA1-A5D5-CED796E14F96}
	EndGlobalSection
EndGlobal
